# THIS IS AN AUTOGENERATED FILE. DO NOT EDIT THIS FILE DIRECTLY.
# yarn lockfile v1


debug@2.6.7:
  version "2.6.7"
  resolved "https://registry.yarnpkg.com/debug/-/debug-2.6.7.tgz#92bad1f6d05bbb6bba22cca88bcd0ec894c2861e"
  integrity sha512-7YoSmTDGnXYkFJOvaYXfxcvNE25Y11uZ0X8Mo+pSXjHz/9WUlbCS4O6q+wj7lhubdNQQXxxsSOnlqlDG8SenXQ==
  dependencies:
    ms "2.0.0"

ms@2.0.0:
  version "2.0.0"
  resolved "https://registry.yarnpkg.com/ms/-/ms-2.0.0.tgz#5608aeadfc00be6c2901df5f9861788de0d597c8"
  integrity sha1-VgiurfwAvmwpAd9fmGF4jeDVl8g=

snyk@1.996.0:
  version "1.996.0"
  resolved "https://registry.yarnpkg.com/snyk/-/snyk-1.996.0.tgz#0369ca9e6a3a148751294c1320f59a79d5eb3c88"
  integrity sha512-nq//Ely0bSt50LzX9Er5lCQNqTpaKn7I7xkhUB3Z+8rs8Jqha360HeQwhbVzsuQS3xT/1+36zt6CcgyLPM1QbA==
